
Microsoft Visual Studio Solution File, Format Version 12.00
# Visual Studio Version 17
VisualStudioVersion = 17.10.35122.118
MinimumVisualStudioVersion = 10.0.40219.1
Project("{FAE04EC0-301F-11D3-BF4B-00C04F79EFBC}") = "PruebaTecnicaOfimaJr", "PruebaTecnicaOfimaJr\PruebaTecnicaOfimaJr.csproj", "{B35B704F-49BB-450F-AC9F-88737E359C32}"
EndProject
Global
	GlobalSection(SolutionConfigurationPlatforms) = preSolution
		Debug|Any CPU = Debug|Any CPU
		Release|Any CPU = Release|Any CPU
	EndGlobalSection
	GlobalSection(ProjectConfigurationPlatforms) = postSolution
		{B35B704F-49BB-450F-AC9F-88737E359C32}.Debug|Any CPU.ActiveCfg = Debug|Any CPU
		{B35B704F-49BB-450F-AC9F-88737E359C32}.Debug|Any CPU.Build.0 = Debug|Any CPU
		{B35B704F-49BB-450F-AC9F-88737E359C32}.Release|Any CPU.ActiveCfg = Release|Any CPU
		{B35B704F-49BB-450F-AC9F-88737E359C32}.Release|Any CPU.Build.0 = Release|Any CPU
	EndGlobalSection
	GlobalSection(SolutionProperties) = preSolution
		HideSolutionNode = FALSE
	EndGlobalSection
	GlobalSection(ExtensibilityGlobals) = postSolution
		SolutionGuid = {3B6F8D41-EAE0-453A-8005-A4553142654B}
	EndGlobalSection
EndGlobal
